
Microsoft Visual Studio Solution File, Format Version 12.00
# Visual Studio 15
VisualStudioVersion = 15.0.27703.2042
MinimumVisualStudioVersion = 10.0.40219.1
Project("{FAE04EC0-301F-11D3-BF4B-00C04F79EFBC}") = "risersoft.shared.web.mvc", "..\Common\Web\risersoft.shared.web.mvc\risersoft.shared.web.mvc.csproj", "{E0CC17DC-880D-47B0-B8F5-1C981F76C662}"
EndProject
Project("{F184B08F-C81C-45F6-A57F-5ABD9991F28F}") = "risersoft.shared.web", "..\Framework\Web\risersoft.shared.web\risersoft.shared.web.vbproj", "{CDFE0943-B942-4857-A99D-98230791FD8D}"
EndProject
Project("{778DAE3C-4631-46EA-AA77-85C1314464D9}") = "risersoft.shared.dal", "..\Framework\Shared\risersoft.shared.dal\risersoft.shared.dal.vbproj", "{68B77483-9004-404B-B649-0E8BB780158E}"
EndProject
Project("{778DAE3C-4631-46EA-AA77-85C1314464D9}") = "risersoft.shared.cloud", "..\Framework\Shared\risersoft.shared.cloud\risersoft.shared.cloud.vbproj", "{F5B5AFA9-AF4A-4B86-8D8D-502976813633}"
EndProject
Project("{778DAE3C-4631-46EA-AA77-85C1314464D9}") = "risersoft.app.mxent", "..\Framework\Shared\risersoft.app.mxent\risersoft.app.mxent.vbproj", "{2693738B-DE66-476D-AFDA-FD39E4579F27}"
EndProject
Project("{778DAE3C-4631-46EA-AA77-85C1314464D9}") = "risersoft.app.mxengg", "..\Framework\Shared\risersoft.app.mxengg\risersoft.app.mxengg.vbproj", "{4A71D8B3-6C50-42FA-B4C1-CF9AAF4B9652}"
EndProject
Project("{F184B08F-C81C-45F6-A57F-5ABD9991F28F}") = "risersoft.app.mxform", "..\Common\Forms\risersoft.app.mxform\risersoft.app.mxform.vbproj", "{0E5882D2-22B1-4716-99DF-680A77AE3E19}"
EndProject
Project("{F184B08F-C81C-45F6-A57F-5ABD9991F28F}") = "risersoft.app.mxform.eto", "..\Common\Forms\risersoft.app.mxform.eto\risersoft.app.mxform.eto.vbproj", "{1369917E-2571-46F6-89A4-56826252D4E6}"
EndProject
Project("{F184B08F-C81C-45F6-A57F-5ABD9991F28F}") = "risersoft.unitcad.provider.acadio", "..\ES\UnitCAD\rsoft.unitcad.provider.acadio\risersoft.unitcad.provider.acadio.vbproj", "{BA3EA76F-DCA6-420F-839E-8F25FA997900}"
EndProject
Project("{778DAE3C-4631-46EA-AA77-85C1314464D9}") = "risersoft.shared.resource", "..\Framework\Shared\risersoft.shared.resources\risersoft.shared.resource.vbproj", "{3D9D61C8-A1C7-4AB3-B7ED-A57AFBF511D0}"
EndProject
Project("{9A19103F-16F7-4668-BE54-9A1E7A4F7556}") = "risersoft.shared.portable", "..\Framework\Shared\risersoft.shared.portable\risersoft.shared.portable.csproj", "{1742C540-4C7D-4397-8A46-F6A6ADE33C5E}"
EndProject
Project("{FAE04EC0-301F-11D3-BF4B-00C04F79EFBC}") = "System.Scripting.ActiveScript", "..\Framework\Shared\System.Scripting.ActiveScript\System.Scripting.ActiveScript.csproj", "{B953F872-1C9B-4A62-90B1-2AE8BEFD0565}"
EndProject
Project("{F184B08F-C81C-45F6-A57F-5ABD9991F28F}") = "AuthorizationFramework", "..\Auth\Framework\AuthorizationFramework\AuthorizationFramework.vbproj", "{02838E02-A93D-4E60-B0E8-60F3A815C05A}"
EndProject
Project("{F184B08F-C81C-45F6-A57F-5ABD9991F28F}") = "AuthorizationServerMulti", "..\Auth\Framework\AuthorizationServerMulti\AuthorizationServerMulti.vbproj", "{B74BF4E5-1A39-4994-831D-5FC8F5B3D62D}"
EndProject
Project("{778DAE3C-4631-46EA-AA77-85C1314464D9}") = "risersoft.app.dataporter", "..\Framework\Shared\risersoft.app.dataporter\risersoft.app.dataporter.vbproj", "{419585B1-CECD-49BC-A00B-48B0C6725E7F}"
EndProject
Project("{F184B08F-C81C-45F6-A57F-5ABD9991F28F}") = "risersoft.shared.db", "..\Framework\Shared\risersoft.shared.db\risersoft.shared.db.vbproj", "{093E113D-C44C-404E-9B03-E301DD4DA319}"
EndProject
Project("{F184B08F-C81C-45F6-A57F-5ABD9991F28F}") = "risersoft.shared.admin", "..\Framework\Shared\risersoft.shared.admin\risersoft.shared.admin.vbproj", "{BC6CB79F-38B5-432B-BE1A-0A57E78C494D}"
EndProject
Project("{FAE04EC0-301F-11D3-BF4B-00C04F79EFBC}") = "risersoft.shared.lm", "..\Framework\Shared\risersoft.shared.lm\risersoft.shared.lm.csproj", "{2A4A24C0-7357-4EA4-84B8-642F07B1FC5F}"
EndProject
Project("{F184B08F-C81C-45F6-A57F-5ABD9991F28F}") = "risersoft.app.reports", "..\Common\Reports\risersoft.app.reports.eto\risersoft.app.reports.vbproj", "{D4834A97-3F18-4E9D-A6B4-12A6737A1586}"
EndProject
Project("{F184B08F-C81C-45F6-A57F-5ABD9991F28F}") = "risersoft.app.reports.erp", "..\Common\Reports\risersoft.app.reports.erp\risersoft.app.reports.erp.vbproj", "{CAD33710-07BC-4C86-AF4C-3A24BA8AB6BA}"
EndProject
Project("{F184B08F-C81C-45F6-A57F-5ABD9991F28F}") = "risersoft.shared.sync", "..\Framework\Shared\risersoft.shared.sync\risersoft.shared.sync.vbproj", "{68C8482A-314C-4460-B70D-06B1B35F0CCA}"
EndProject
Project("{778DAE3C-4631-46EA-AA77-85C1314464D9}") = "risersoft.shared", "..\Framework\Shared\risersoft.shared\risersoft.shared.vbproj", "{8B756540-F0FC-4446-951C-E90A3C02CB26}"
EndProject
Project("{F184B08F-C81C-45F6-A57F-5ABD9991F28F}") = "risersoft.shared.dotnetfx", "..\Framework\Shared\risersoft.shared.dotnetfx\risersoft.shared.dotnetfx.vbproj", "{3DC06D9D-B9B9-414C-B83C-2B9EEAAF5EA6}"
EndProject
Project("{F184B08F-C81C-45F6-A57F-5ABD9991F28F}") = "CollegeNirvana", "Web\CollegeNirvana\CollegeNirvana.vbproj", "{4EFFC246-0867-40DB-8273-074BA971BAE4}"
EndProject
Project("{9A19103F-16F7-4668-BE54-9A1E7A4F7556}") = "risersoft.shared.agent", "..\Framework\Shared\risersoft.shared.console\risersoft.shared.agent.csproj", "{39E6633F-2D15-4A82-A033-AC89108616E4}"
EndProject
Project("{F184B08F-C81C-45F6-A57F-5ABD9991F28F}") = "risersoft.app.mxform.College", "Framework\risersoft.app.mxform.College\risersoft.app.mxform.College.vbproj", "{31C1FFC7-C4C6-46BA-8783-7C796F4E076D}"
EndProject
Project("{778DAE3C-4631-46EA-AA77-85C1314464D9}") = "risersoft.shared.bot", "..\Framework\Web\risersoft.shared.bot\risersoft.shared.bot.vbproj", "{74342EBA-7988-4C32-A826-AD62540B74AC}"
EndProject
Project("{F184B08F-C81C-45F6-A57F-5ABD9991F28F}") = "risersoft.web.mvc.college", "Web\risersoft.web.mvc.college\risersoft.web.mvc.college.vbproj", "{A0A8CEDB-1865-49CF-881A-BBCDF574FE9A}"
EndProject
Project("{9A19103F-16F7-4668-BE54-9A1E7A4F7556}") = "klts.app.mxform.admin", "Framework\klts.app.mxform.admin\klts.app.mxform.admin.csproj", "{732554B6-BBF6-4DBE-B6A9-56D0E614D968}"
EndProject
Global
	GlobalSection(SolutionConfigurationPlatforms) = preSolution
		Debug|Any CPU = Debug|Any CPU
		Release|Any CPU = Release|Any CPU
	EndGlobalSection
	GlobalSection(ProjectConfigurationPlatforms) = postSolution
		{E0CC17DC-880D-47B0-B8F5-1C981F76C662}.Debug|Any CPU.ActiveCfg = Debug2|Any CPU
		{E0CC17DC-880D-47B0-B8F5-1C981F76C662}.Debug|Any CPU.Build.0 = Debug2|Any CPU
		{E0CC17DC-880D-47B0-B8F5-1C981F76C662}.Release|Any CPU.ActiveCfg = Release|Any CPU
		{E0CC17DC-880D-47B0-B8F5-1C981F76C662}.Release|Any CPU.Build.0 = Release|Any CPU
		{CDFE0943-B942-4857-A99D-98230791FD8D}.Debug|Any CPU.ActiveCfg = Debug|Any CPU
		{CDFE0943-B942-4857-A99D-98230791FD8D}.Debug|Any CPU.Build.0 = Debug|Any CPU
		{CDFE0943-B942-4857-A99D-98230791FD8D}.Release|Any CPU.ActiveCfg = Release|Any CPU
		{CDFE0943-B942-4857-A99D-98230791FD8D}.Release|Any CPU.Build.0 = Release|Any CPU
		{68B77483-9004-404B-B649-0E8BB780158E}.Debug|Any CPU.ActiveCfg = Debug|Any CPU
		{68B77483-9004-404B-B649-0E8BB780158E}.Debug|Any CPU.Build.0 = Debug|Any CPU
		{68B77483-9004-404B-B649-0E8BB780158E}.Release|Any CPU.ActiveCfg = Release|Any CPU
		{68B77483-9004-404B-B649-0E8BB780158E}.Release|Any CPU.Build.0 = Release|Any CPU
		{F5B5AFA9-AF4A-4B86-8D8D-502976813633}.Debug|Any CPU.ActiveCfg = Debug|Any CPU
		{F5B5AFA9-AF4A-4B86-8D8D-502976813633}.Debug|Any CPU.Build.0 = Debug|Any CPU
		{F5B5AFA9-AF4A-4B86-8D8D-502976813633}.Release|Any CPU.ActiveCfg = Release|Any CPU
		{F5B5AFA9-AF4A-4B86-8D8D-502976813633}.Release|Any CPU.Build.0 = Release|Any CPU
		{2693738B-DE66-476D-AFDA-FD39E4579F27}.Debug|Any CPU.ActiveCfg = Debug|Any CPU
		{2693738B-DE66-476D-AFDA-FD39E4579F27}.Debug|Any CPU.Build.0 = Debug|Any CPU
		{2693738B-DE66-476D-AFDA-FD39E4579F27}.Release|Any CPU.ActiveCfg = Release|Any CPU
		{2693738B-DE66-476D-AFDA-FD39E4579F27}.Release|Any CPU.Build.0 = Release|Any CPU
		{4A71D8B3-6C50-42FA-B4C1-CF9AAF4B9652}.Debug|Any CPU.ActiveCfg = Debug|Any CPU
		{4A71D8B3-6C50-42FA-B4C1-CF9AAF4B9652}.Debug|Any CPU.Build.0 = Debug|Any CPU
		{4A71D8B3-6C50-42FA-B4C1-CF9AAF4B9652}.Release|Any CPU.ActiveCfg = Release|Any CPU
		{4A71D8B3-6C50-42FA-B4C1-CF9AAF4B9652}.Release|Any CPU.Build.0 = Release|Any CPU
		{0E5882D2-22B1-4716-99DF-680A77AE3E19}.Debug|Any CPU.ActiveCfg = Debug2|Any CPU
		{0E5882D2-22B1-4716-99DF-680A77AE3E19}.Debug|Any CPU.Build.0 = Debug2|Any CPU
		{0E5882D2-22B1-4716-99DF-680A77AE3E19}.Release|Any CPU.ActiveCfg = Release|Any CPU
		{0E5882D2-22B1-4716-99DF-680A77AE3E19}.Release|Any CPU.Build.0 = Release|Any CPU
		{1369917E-2571-46F6-89A4-56826252D4E6}.Debug|Any CPU.ActiveCfg = Debug2|Any CPU
		{1369917E-2571-46F6-89A4-56826252D4E6}.Debug|Any CPU.Build.0 = Debug2|Any CPU
		{1369917E-2571-46F6-89A4-56826252D4E6}.Release|Any CPU.ActiveCfg = Release|Any CPU
		{1369917E-2571-46F6-89A4-56826252D4E6}.Release|Any CPU.Build.0 = Release|Any CPU
		{BA3EA76F-DCA6-420F-839E-8F25FA997900}.Debug|Any CPU.ActiveCfg = Debug|Any CPU
		{BA3EA76F-DCA6-420F-839E-8F25FA997900}.Debug|Any CPU.Build.0 = Debug|Any CPU
		{BA3EA76F-DCA6-420F-839E-8F25FA997900}.Release|Any CPU.ActiveCfg = Release|Any CPU
		{BA3EA76F-DCA6-420F-839E-8F25FA997900}.Release|Any CPU.Build.0 = Release|Any CPU
		{3D9D61C8-A1C7-4AB3-B7ED-A57AFBF511D0}.Debug|Any CPU.ActiveCfg = Debug|Any CPU
		{3D9D61C8-A1C7-4AB3-B7ED-A57AFBF511D0}.Debug|Any CPU.Build.0 = Debug|Any CPU
		{3D9D61C8-A1C7-4AB3-B7ED-A57AFBF511D0}.Release|Any CPU.ActiveCfg = Release|Any CPU
		{3D9D61C8-A1C7-4AB3-B7ED-A57AFBF511D0}.Release|Any CPU.Build.0 = Release|Any CPU
		{1742C540-4C7D-4397-8A46-F6A6ADE33C5E}.Debug|Any CPU.ActiveCfg = Debug|Any CPU
		{1742C540-4C7D-4397-8A46-F6A6ADE33C5E}.Debug|Any CPU.Build.0 = Debug|Any CPU
		{1742C540-4C7D-4397-8A46-F6A6ADE33C5E}.Release|Any CPU.ActiveCfg = Release|Any CPU
		{1742C540-4C7D-4397-8A46-F6A6ADE33C5E}.Release|Any CPU.Build.0 = Release|Any CPU
		{B953F872-1C9B-4A62-90B1-2AE8BEFD0565}.Debug|Any CPU.ActiveCfg = Debug|Any CPU
		{B953F872-1C9B-4A62-90B1-2AE8BEFD0565}.Debug|Any CPU.Build.0 = Debug|Any CPU
		{B953F872-1C9B-4A62-90B1-2AE8BEFD0565}.Release|Any CPU.ActiveCfg = Release|Any CPU
		{B953F872-1C9B-4A62-90B1-2AE8BEFD0565}.Release|Any CPU.Build.0 = Release|Any CPU
		{02838E02-A93D-4E60-B0E8-60F3A815C05A}.Debug|Any CPU.ActiveCfg = Debug2|Any CPU
		{02838E02-A93D-4E60-B0E8-60F3A815C05A}.Debug|Any CPU.Build.0 = Debug2|Any CPU
		{02838E02-A93D-4E60-B0E8-60F3A815C05A}.Release|Any CPU.ActiveCfg = Release|Any CPU
		{02838E02-A93D-4E60-B0E8-60F3A815C05A}.Release|Any CPU.Build.0 = Release|Any CPU
		{B74BF4E5-1A39-4994-831D-5FC8F5B3D62D}.Debug|Any CPU.ActiveCfg = Debug2|Any CPU
		{B74BF4E5-1A39-4994-831D-5FC8F5B3D62D}.Debug|Any CPU.Build.0 = Debug2|Any CPU
		{B74BF4E5-1A39-4994-831D-5FC8F5B3D62D}.Release|Any CPU.ActiveCfg = Release|Any CPU
		{B74BF4E5-1A39-4994-831D-5FC8F5B3D62D}.Release|Any CPU.Build.0 = Release|Any CPU
		{419585B1-CECD-49BC-A00B-48B0C6725E7F}.Debug|Any CPU.ActiveCfg = Debug|Any CPU
		{419585B1-CECD-49BC-A00B-48B0C6725E7F}.Debug|Any CPU.Build.0 = Debug|Any CPU
		{419585B1-CECD-49BC-A00B-48B0C6725E7F}.Release|Any CPU.ActiveCfg = Release|Any CPU
		{419585B1-CECD-49BC-A00B-48B0C6725E7F}.Release|Any CPU.Build.0 = Release|Any CPU
		{093E113D-C44C-404E-9B03-E301DD4DA319}.Debug|Any CPU.ActiveCfg = Debug|Any CPU
		{093E113D-C44C-404E-9B03-E301DD4DA319}.Debug|Any CPU.Build.0 = Debug|Any CPU
		{093E113D-C44C-404E-9B03-E301DD4DA319}.Release|Any CPU.ActiveCfg = Release|Any CPU
		{093E113D-C44C-404E-9B03-E301DD4DA319}.Release|Any CPU.Build.0 = Release|Any CPU
		{BC6CB79F-38B5-432B-BE1A-0A57E78C494D}.Debug|Any CPU.ActiveCfg = Debug|Any CPU
		{BC6CB79F-38B5-432B-BE1A-0A57E78C494D}.Debug|Any CPU.Build.0 = Debug|Any CPU
		{BC6CB79F-38B5-432B-BE1A-0A57E78C494D}.Release|Any CPU.ActiveCfg = Release|Any CPU
		{BC6CB79F-38B5-432B-BE1A-0A57E78C494D}.Release|Any CPU.Build.0 = Release|Any CPU
		{2A4A24C0-7357-4EA4-84B8-642F07B1FC5F}.Debug|Any CPU.ActiveCfg = Debug|Any CPU
		{2A4A24C0-7357-4EA4-84B8-642F07B1FC5F}.Debug|Any CPU.Build.0 = Debug|Any CPU
		{2A4A24C0-7357-4EA4-84B8-642F07B1FC5F}.Release|Any CPU.ActiveCfg = Release|Any CPU
		{2A4A24C0-7357-4EA4-84B8-642F07B1FC5F}.Release|Any CPU.Build.0 = Release|Any CPU
		{D4834A97-3F18-4E9D-A6B4-12A6737A1586}.Debug|Any CPU.ActiveCfg = Debug2|Any CPU
		{D4834A97-3F18-4E9D-A6B4-12A6737A1586}.Debug|Any CPU.Build.0 = Debug2|Any CPU
		{D4834A97-3F18-4E9D-A6B4-12A6737A1586}.Release|Any CPU.ActiveCfg = Release|Any CPU
		{D4834A97-3F18-4E9D-A6B4-12A6737A1586}.Release|Any CPU.Build.0 = Release|Any CPU
		{CAD33710-07BC-4C86-AF4C-3A24BA8AB6BA}.Debug|Any CPU.ActiveCfg = Debug2|Any CPU
		{CAD33710-07BC-4C86-AF4C-3A24BA8AB6BA}.Debug|Any CPU.Build.0 = Debug2|Any CPU
		{CAD33710-07BC-4C86-AF4C-3A24BA8AB6BA}.Release|Any CPU.ActiveCfg = Release|Any CPU
		{CAD33710-07BC-4C86-AF4C-3A24BA8AB6BA}.Release|Any CPU.Build.0 = Release|Any CPU
		{68C8482A-314C-4460-B70D-06B1B35F0CCA}.Debug|Any CPU.ActiveCfg = Debug|Any CPU
		{68C8482A-314C-4460-B70D-06B1B35F0CCA}.Debug|Any CPU.Build.0 = Debug|Any CPU
		{68C8482A-314C-4460-B70D-06B1B35F0CCA}.Release|Any CPU.ActiveCfg = Release|Any CPU
		{68C8482A-314C-4460-B70D-06B1B35F0CCA}.Release|Any CPU.Build.0 = Release|Any CPU
		{8B756540-F0FC-4446-951C-E90A3C02CB26}.Debug|Any CPU.ActiveCfg = Debug|Any CPU
		{8B756540-F0FC-4446-951C-E90A3C02CB26}.Debug|Any CPU.Build.0 = Debug|Any CPU
		{8B756540-F0FC-4446-951C-E90A3C02CB26}.Release|Any CPU.ActiveCfg = Release|Any CPU
		{8B756540-F0FC-4446-951C-E90A3C02CB26}.Release|Any CPU.Build.0 = Release|Any CPU
		{3DC06D9D-B9B9-414C-B83C-2B9EEAAF5EA6}.Debug|Any CPU.ActiveCfg = Debug|Any CPU
		{3DC06D9D-B9B9-414C-B83C-2B9EEAAF5EA6}.Debug|Any CPU.Build.0 = Debug|Any CPU
		{3DC06D9D-B9B9-414C-B83C-2B9EEAAF5EA6}.Release|Any CPU.ActiveCfg = Release|Any CPU
		{3DC06D9D-B9B9-414C-B83C-2B9EEAAF5EA6}.Release|Any CPU.Build.0 = Release|Any CPU
		{4EFFC246-0867-40DB-8273-074BA971BAE4}.Debug|Any CPU.ActiveCfg = Debug2|Any CPU
		{4EFFC246-0867-40DB-8273-074BA971BAE4}.Debug|Any CPU.Build.0 = Debug2|Any CPU
		{4EFFC246-0867-40DB-8273-074BA971BAE4}.Release|Any CPU.ActiveCfg = Release|Any CPU
		{4EFFC246-0867-40DB-8273-074BA971BAE4}.Release|Any CPU.Build.0 = Release|Any CPU
		{39E6633F-2D15-4A82-A033-AC89108616E4}.Debug|Any CPU.ActiveCfg = Debug|Any CPU
		{39E6633F-2D15-4A82-A033-AC89108616E4}.Debug|Any CPU.Build.0 = Debug|Any CPU
		{39E6633F-2D15-4A82-A033-AC89108616E4}.Release|Any CPU.ActiveCfg = Release|Any CPU
		{39E6633F-2D15-4A82-A033-AC89108616E4}.Release|Any CPU.Build.0 = Release|Any CPU
		{31C1FFC7-C4C6-46BA-8783-7C796F4E076D}.Debug|Any CPU.ActiveCfg = Debug2|Any CPU
		{31C1FFC7-C4C6-46BA-8783-7C796F4E076D}.Debug|Any CPU.Build.0 = Debug2|Any CPU
		{31C1FFC7-C4C6-46BA-8783-7C796F4E076D}.Release|Any CPU.ActiveCfg = Release|Any CPU
		{31C1FFC7-C4C6-46BA-8783-7C796F4E076D}.Release|Any CPU.Build.0 = Release|Any CPU
		{74342EBA-7988-4C32-A826-AD62540B74AC}.Debug|Any CPU.ActiveCfg = Debug|Any CPU
		{74342EBA-7988-4C32-A826-AD62540B74AC}.Debug|Any CPU.Build.0 = Debug|Any CPU
		{74342EBA-7988-4C32-A826-AD62540B74AC}.Release|Any CPU.ActiveCfg = Release|Any CPU
		{74342EBA-7988-4C32-A826-AD62540B74AC}.Release|Any CPU.Build.0 = Release|Any CPU
		{A0A8CEDB-1865-49CF-881A-BBCDF574FE9A}.Debug|Any CPU.ActiveCfg = Debug2|Any CPU
		{A0A8CEDB-1865-49CF-881A-BBCDF574FE9A}.Debug|Any CPU.Build.0 = Debug2|Any CPU
		{A0A8CEDB-1865-49CF-881A-BBCDF574FE9A}.Release|Any CPU.ActiveCfg = Release|Any CPU
		{A0A8CEDB-1865-49CF-881A-BBCDF574FE9A}.Release|Any CPU.Build.0 = Release|Any CPU
		{732554B6-BBF6-4DBE-B6A9-56D0E614D968}.Debug|Any CPU.ActiveCfg = Debug|Any CPU
		{732554B6-BBF6-4DBE-B6A9-56D0E614D968}.Debug|Any CPU.Build.0 = Debug|Any CPU
		{732554B6-BBF6-4DBE-B6A9-56D0E614D968}.Release|Any CPU.ActiveCfg = Release|Any CPU
		{732554B6-BBF6-4DBE-B6A9-56D0E614D968}.Release|Any CPU.Build.0 = Release|Any CPU
	EndGlobalSection
	GlobalSection(SolutionProperties) = preSolution
		HideSolutionNode = FALSE
	EndGlobalSection
	GlobalSection(ExtensibilityGlobals) = postSolution
		SolutionGuid = {3B48BBF0-1414-4C9B-AD47-6C66A353A784}
	EndGlobalSection
	GlobalSection(TeamFoundationVersionControl) = preSolution
		SccNumberOfProjects = 30
		SccEnterpriseProvider = {4CA58AB2-18FA-4F8D-95D4-32DDF27D184C}
		SccTeamFoundationServer = https://rsds.visualstudio.com/
		SccLocalPath0 = .
		SccProjectUniqueName1 = ..\\Common\\Web\\risersoft.shared.web.mvc\\risersoft.shared.web.mvc.csproj
		SccProjectName1 = ../Common/Web/risersoft.shared.web.mvc
		SccLocalPath1 = ..\\Common\\Web\\risersoft.shared.web.mvc
		SccProjectUniqueName2 = ..\\Framework\\Web\\risersoft.shared.web\\risersoft.shared.web.vbproj
		SccProjectName2 = ../Framework/Web/risersoft.shared.web
		SccLocalPath2 = ..\\Framework\\Web\\risersoft.shared.web
		SccProjectUniqueName3 = ..\\Framework\\Shared\\risersoft.shared.dal\\risersoft.shared.dal.vbproj
		SccProjectName3 = ../Framework/Shared/risersoft.shared.dal
		SccLocalPath3 = ..\\Framework\\Shared\\risersoft.shared.dal
		SccProjectUniqueName4 = ..\\Framework\\Shared\\risersoft.shared.cloud\\risersoft.shared.cloud.vbproj
		SccProjectName4 = ../Framework/Shared/risersoft.shared.cloud
		SccLocalPath4 = ..\\Framework\\Shared\\risersoft.shared.cloud
		SccProjectUniqueName5 = ..\\Framework\\Shared\\risersoft.app.mxent\\risersoft.app.mxent.vbproj
		SccProjectName5 = ../Framework/Shared/risersoft.app.mxent
		SccLocalPath5 = ..\\Framework\\Shared\\risersoft.app.mxent
		SccProjectUniqueName6 = ..\\Framework\\Shared\\risersoft.app.mxengg\\risersoft.app.mxengg.vbproj
		SccProjectName6 = ../Framework/Shared/risersoft.app.mxengg
		SccLocalPath6 = ..\\Framework\\Shared\\risersoft.app.mxengg
		SccProjectUniqueName7 = ..\\Common\\Forms\\risersoft.app.mxform\\risersoft.app.mxform.vbproj
		SccProjectName7 = ../Common/Forms/risersoft.app.mxform
		SccLocalPath7 = ..\\Common\\Forms\\risersoft.app.mxform
		SccProjectUniqueName8 = ..\\Common\\Forms\\risersoft.app.mxform.eto\\risersoft.app.mxform.eto.vbproj
		SccProjectName8 = ../Common/Forms/risersoft.app.mxform.eto
		SccLocalPath8 = ..\\Common\\Forms\\risersoft.app.mxform.eto
		SccProjectUniqueName9 = ..\\ES\\UnitCAD\\rsoft.unitcad.provider.acadio\\risersoft.unitcad.provider.acadio.vbproj
		SccProjectName9 = ../ES/UnitCAD/rsoft.unitcad.provider.acadio
		SccLocalPath9 = ..\\ES\\UnitCAD\\rsoft.unitcad.provider.acadio
		SccProjectUniqueName10 = ..\\Auth\\Framework\\AuthorizationFramework\\AuthorizationFramework.vbproj
		SccProjectName10 = ../Auth/Framework/AuthorizationFramework
		SccLocalPath10 = ..\\Auth\\Framework\\AuthorizationFramework
		SccProjectUniqueName11 = ..\\Framework\\Shared\\risersoft.app.dataporter\\risersoft.app.dataporter.vbproj
		SccProjectName11 = ../Framework/Shared/risersoft.app.dataporter
		SccLocalPath11 = ..\\Framework\\Shared\\risersoft.app.dataporter
		SccProjectUniqueName12 = ..\\Framework\\Shared\\risersoft.shared.db\\risersoft.shared.db.vbproj
		SccProjectName12 = ../Framework/Shared/risersoft.shared.db
		SccLocalPath12 = ..\\Framework\\Shared\\risersoft.shared.db
		SccProjectUniqueName13 = ..\\Framework\\Shared\\risersoft.shared.admin\\risersoft.shared.admin.vbproj
		SccProjectName13 = ../Framework/Shared/risersoft.shared.admin
		SccLocalPath13 = ..\\Framework\\Shared\\risersoft.shared.admin
		SccProjectUniqueName14 = ..\\Common\\Reports\\risersoft.app.reports.eto\\risersoft.app.reports.vbproj
		SccProjectName14 = ../Common/Reports/risersoft.app.reports.eto
		SccLocalPath14 = ..\\Common\\Reports\\risersoft.app.reports.eto
		SccProjectUniqueName15 = ..\\Common\\Reports\\risersoft.app.reports.erp\\risersoft.app.reports.erp.vbproj
		SccProjectName15 = ../Common/Reports/risersoft.app.reports.erp
		SccLocalPath15 = ..\\Common\\Reports\\risersoft.app.reports.erp
		SccProjectUniqueName16 = ..\\Framework\\Shared\\risersoft.shared.sync\\risersoft.shared.sync.vbproj
		SccProjectName16 = ../Framework/Shared/risersoft.shared.sync
		SccLocalPath16 = ..\\Framework\\Shared\\risersoft.shared.sync
		SccProjectUniqueName17 = ..\\Framework\\Shared\\risersoft.shared.dotnetfx\\risersoft.shared.dotnetfx.vbproj
		SccProjectName17 = ../Framework/Shared/risersoft.shared.dotnetfx
		SccLocalPath17 = ..\\Framework\\Shared\\risersoft.shared.dotnetfx
		SccProjectUniqueName18 = ..\\Framework\\Shared\\risersoft.shared.console\\risersoft.shared.agent.csproj
		SccProjectName18 = ../Framework/Shared/risersoft.shared.console
		SccLocalPath18 = ..\\Framework\\Shared\\risersoft.shared.console
		SccProjectUniqueName19 = Framework\\risersoft.app.mxform.College\\risersoft.app.mxform.College.vbproj
		SccProjectName19 = Framework/risersoft.app.mxform.College
		SccLocalPath19 = Framework\\risersoft.app.mxform.College
		SccProjectUniqueName20 = ..\\Framework\\Web\\risersoft.shared.bot\\risersoft.shared.bot.vbproj
		SccProjectName20 = ../Framework/Web/risersoft.shared.bot
		SccLocalPath20 = ..\\Framework\\Web\\risersoft.shared.bot
		SccProjectUniqueName21 = Framework\\klts.app.mxform.admin\\klts.app.mxform.admin.csproj
		SccProjectName21 = Framework/klts.app.mxform.admin
		SccLocalPath21 = Framework\\klts.app.mxform.admin
		SccProjectUniqueName22 = ..\\Framework\\Shared\\System.Scripting.ActiveScript\\System.Scripting.ActiveScript.csproj
		SccProjectName22 = ../Framework/Shared/System.Scripting.ActiveScript
		SccLocalPath22 = ..\\Framework\\Shared\\System.Scripting.ActiveScript
		SccProjectUniqueName23 = ..\\Framework\\Shared\\risersoft.shared.lm\\risersoft.shared.lm.csproj
		SccProjectName23 = ../Framework/Shared/risersoft.shared.lm
		SccLocalPath23 = ..\\Framework\\Shared\\risersoft.shared.lm
		SccProjectUniqueName24 = ..\\Auth\\Framework\\AuthorizationServerMulti\\AuthorizationServerMulti.vbproj
		SccProjectName24 = ../Auth/Framework/AuthorizationServerMulti
		SccLocalPath24 = ..\\Auth\\Framework\\AuthorizationServerMulti
		SccProjectUniqueName25 = Web\\CollegeNirvana\\CollegeNirvana.vbproj
		SccProjectName25 = Web/CollegeNirvana
		SccLocalPath25 = Web\\CollegeNirvana
		SccProjectUniqueName26 = Web\\risersoft.web.mvc.college\\risersoft.web.mvc.college.vbproj
		SccProjectName26 = Web/risersoft.web.mvc.college
		SccLocalPath26 = Web\\risersoft.web.mvc.college
		SccProjectUniqueName27 = ..\\Framework\\Shared\\risersoft.shared.portable\\risersoft.shared.portable.csproj
		SccProjectName27 = ../Framework/Shared/risersoft.shared.portable
		SccLocalPath27 = ..\\Framework\\Shared\\risersoft.shared.portable
		SccProjectUniqueName28 = ..\\Framework\\Shared\\risersoft.shared\\risersoft.shared.vbproj
		SccProjectName28 = ../Framework/Shared/risersoft.shared
		SccLocalPath28 = ..\\Framework\\Shared\\risersoft.shared
		SccProjectUniqueName29 = ..\\Framework\\Shared\\risersoft.shared.resources\\risersoft.shared.resource.vbproj
		SccProjectName29 = ../Framework/Shared/risersoft.shared.resources
		SccLocalPath29 = ..\\Framework\\Shared\\risersoft.shared.resources
	EndGlobalSection
EndGlobal
